
Microsoft Visual Studio Solution File, Format Version 12.00
# Visual Studio 15
VisualStudioVersion = 15.0.27703.2035
MinimumVisualStudioVersion = 10.0.40219.1
Project("{FAE04EC0-301F-11D3-BF4B-00C04F79EFBC}") = "AM1", "AM1\AM1.csproj", "{09B9D1F5-B6EC-4EEE-AFDA-5A24222DEB50}"
EndProject
Global
	GlobalSection(SolutionConfigurationPlatforms) = preSolution
		Debug|Any CPU = Debug|Any CPU
		Release|Any CPU = Release|Any CPU
	EndGlobalSection
	GlobalSection(ProjectConfigurationPlatforms) = postSolution
		{09B9D1F5-B6EC-4EEE-AFDA-5A24222DEB50}.Debug|Any CPU.ActiveCfg = Debug|Any CPU
		{09B9D1F5-B6EC-4EEE-AFDA-5A24222DEB50}.Debug|Any CPU.Build.0 = Debug|Any CPU
		{09B9D1F5-B6EC-4EEE-AFDA-5A24222DEB50}.Release|Any CPU.ActiveCfg = Release|Any CPU
		{09B9D1F5-B6EC-4EEE-AFDA-5A24222DEB50}.Release|Any CPU.Build.0 = Release|Any CPU
	EndGlobalSection
	GlobalSection(SolutionProperties) = preSolution
		HideSolutionNode = FALSE
	EndGlobalSection
	GlobalSection(ExtensibilityGlobals) = postSolution
		SolutionGuid = {0513AB50-A853-4B39-B6E9-67AD081DF7DB}
	EndGlobalSection
EndGlobal
